// !$*UTF8*$!
{
	archiveVersion = 1;
	classes = {
	};
	objectVersion = 46;
	objects = {

/* Begin PBXBuildFile section */
		E43FA7251B03AE2100E13638 /* main.m in Sources */ = {isa = PBXBuildFile; fileRef = E43FA7241B03AE2100E13638 /* main.m */; };
		E43FA7281B03AE2100E13638 /* AppDelegate.m in Sources */ = {isa = PBXBuildFile; fileRef = E43FA7271B03AE2100E13638 /* AppDelegate.m */; };
		E43FA72B1B03AE2100E13638 /* TPLoginVC.m in Sources */ = {isa = PBXBuildFile; fileRef = E43FA72A1B03AE2100E13638 /* TPLoginVC.m */; };
		E43FA72E1B03AE2100E13638 /* Main.storyboard in Resources */ = {isa = PBXBuildFile; fileRef = E43FA72C1B03AE2100E13638 /* Main.storyboard */; };
		E43FA7301B03AE2100E13638 /* Images.xcassets in Resources */ = {isa = PBXBuildFile; fileRef = E43FA72F1B03AE2100E13638 /* Images.xcassets */; };
		E43FA7331B03AE2100E13638 /* LaunchScreen.xib in Resources */ = {isa = PBXBuildFile; fileRef = E43FA7311B03AE2100E13638 /* LaunchScreen.xib */; };
		E43FA73F1B03AE2100E13638 /* TodayPhotoTests.m in Sources */ = {isa = PBXBuildFile; fileRef = E43FA73E1B03AE2100E13638 /* TodayPhotoTests.m */; };
		E43FA7531B03B05D00E13638 /* Bolts.framework in Frameworks */ = {isa = PBXBuildFile; fileRef = E43FA74D1B03B05D00E13638 /* Bolts.framework */; };
		E43FA7541B03B05D00E13638 /* Parse.framework in Frameworks */ = {isa = PBXBuildFile; fileRef = E43FA74E1B03B05D00E13638 /* Parse.framework */; };
		E43FA7551B03B05D00E13638 /* ParseCrashReporting.framework in Frameworks */ = {isa = PBXBuildFile; fileRef = E43FA74F1B03B05D00E13638 /* ParseCrashReporting.framework */; };
		E43FA7571B03B05D00E13638 /* ParseFacebookUtilsV4.framework in Frameworks */ = {isa = PBXBuildFile; fileRef = E43FA7511B03B05D00E13638 /* ParseFacebookUtilsV4.framework */; };
		E43FA7581B03B05D00E13638 /* ParseUI.framework in Frameworks */ = {isa = PBXBuildFile; fileRef = E43FA7521B03B05D00E13638 /* ParseUI.framework */; };
		E43FA75A1B03B0F900E13638 /* AudioToolbox.framework in Frameworks */ = {isa = PBXBuildFile; fileRef = E43FA7591B03B0F900E13638 /* AudioToolbox.framework */; };
		E43FA75C1B03B0FF00E13638 /* CFNetwork.framework in Frameworks */ = {isa = PBXBuildFile; fileRef = E43FA75B1B03B0FF00E13638 /* CFNetwork.framework */; };
		E43FA75E1B03B10700E13638 /* CoreGraphics.framework in Frameworks */ = {isa = PBXBuildFile; fileRef = E43FA75D1B03B10700E13638 /* CoreGraphics.framework */; };
		E43FA7601B03B10D00E13638 /* CoreLocation.framework in Frameworks */ = {isa = PBXBuildFile; fileRef = E43FA75F1B03B10D00E13638 /* CoreLocation.framework */; };
		E43FA7621B03B11400E13638 /* MobileCoreServices.framework in Frameworks */ = {isa = PBXBuildFile; fileRef = E43FA7611B03B11400E13638 /* MobileCoreServices.framework */; };
		E43FA7641B03B11B00E13638 /* QuartzCore.framework in Frameworks */ = {isa = PBXBuildFile; fileRef = E43FA7631B03B11B00E13638 /* QuartzCore.framework */; };
		E43FA7661B03B12200E13638 /* Security.framework in Frameworks */ = {isa = PBXBuildFile; fileRef = E43FA7651B03B12200E13638 /* Security.framework */; };
		E43FA7681B03B12B00E13638 /* StoreKit.framework in Frameworks */ = {isa = PBXBuildFile; fileRef = E43FA7671B03B12B00E13638 /* StoreKit.framework */; };
		E43FA76A1B03B13600E13638 /* SystemConfiguration.framework in Frameworks */ = {isa = PBXBuildFile; fileRef = E43FA7691B03B13600E13638 /* SystemConfiguration.framework */; };
		E43FA76C1B03B14600E13638 /* libz.dylib in Frameworks */ = {isa = PBXBuildFile; fileRef = E43FA76B1B03B14600E13638 /* libz.dylib */; };
		E43FA76E1B03B14E00E13638 /* libsqlite3.dylib in Frameworks */ = {isa = PBXBuildFile; fileRef = E43FA76D1B03B14E00E13638 /* libsqlite3.dylib */; };
		E43FA7701B03B20400E13638 /* Default-568h@2x.png in Resources */ = {isa = PBXBuildFile; fileRef = E43FA76F1B03B20400E13638 /* Default-568h@2x.png */; };
		E43FA7741B03C25500E13638 /* FBSDKCoreKit.framework in Frameworks */ = {isa = PBXBuildFile; fileRef = E43FA7711B03C25500E13638 /* FBSDKCoreKit.framework */; };
		E43FA7751B03C25600E13638 /* FBSDKLoginKit.framework in Frameworks */ = {isa = PBXBuildFile; fileRef = E43FA7721B03C25500E13638 /* FBSDKLoginKit.framework */; };
		E43FA7761B03C25600E13638 /* FBSDKShareKit.framework in Frameworks */ = {isa = PBXBuildFile; fileRef = E43FA7731B03C25500E13638 /* FBSDKShareKit.framework */; };
/* End PBXBuildFile section */

/* Begin PBXContainerItemProxy section */
		E43FA7391B03AE2100E13638 /* PBXContainerItemProxy */ = {
			isa = PBXContainerItemProxy;
			containerPortal = E43FA7171B03AE2100E13638 /* Project object */;
			proxyType = 1;
			remoteGlobalIDString = E43FA71E1B03AE2100E13638;
			remoteInfo = TodayPhoto;
		};
/* End PBXContainerItemProxy section */

/* Begin PBXFileReference section */
		E43FA71F1B03AE2100E13638 /* TodayPhoto.app */ = {isa = PBXFileReference; explicitFileType = wrapper.application; includeInIndex = 0; path = TodayPhoto.app; sourceTree = BUILT_PRODUCTS_DIR; };
		E43FA7231B03AE2100E13638 /* TodayPhoto-Info.plist */ = {isa = PBXFileReference; lastKnownFileType = text.plist.xml; path = "TodayPhoto-Info.plist"; sourceTree = "<group>"; };
		E43FA7241B03AE2100E13638 /* main.m */ = {isa = PBXFileReference; lastKnownFileType = sourcecode.c.objc; path = main.m; sourceTree = "<group>"; };
		E43FA7261B03AE2100E13638 /* AppDelegate.h */ = {isa = PBXFileReference; lastKnownFileType = sourcecode.c.h; path = AppDelegate.h; sourceTree = "<group>"; };
		E43FA7271B03AE2100E13638 /* AppDelegate.m */ = {isa = PBXFileReference; lastKnownFileType = sourcecode.c.objc; path = AppDelegate.m; sourceTree = "<group>"; };
		E43FA7291B03AE2100E13638 /* TPLoginVC.h */ = {isa = PBXFileReference; lastKnownFileType = sourcecode.c.h; path = TPLoginVC.h; sourceTree = "<group>"; };
		E43FA72A1B03AE2100E13638 /* TPLoginVC.m */ = {isa = PBXFileReference; lastKnownFileType = sourcecode.c.objc; path = TPLoginVC.m; sourceTree = "<group>"; };
		E43FA72D1B03AE2100E13638 /* Base */ = {isa = PBXFileReference; lastKnownFileType = file.storyboard; name = Base; path = Base.lproj/Main.storyboard; sourceTree = "<group>"; };
		E43FA72F1B03AE2100E13638 /* Images.xcassets */ = {isa = PBXFileReference; lastKnownFileType = folder.assetcatalog; path = Images.xcassets; sourceTree = "<group>"; };
		E43FA7321B03AE2100E13638 /* Base */ = {isa = PBXFileReference; lastKnownFileType = file.xib; name = Base; path = Base.lproj/LaunchScreen.xib; sourceTree = "<group>"; };
		E43FA7381B03AE2100E13638 /* TodayPhotoTests.xctest */ = {isa = PBXFileReference; explicitFileType = wrapper.cfbundle; includeInIndex = 0; path = TodayPhotoTests.xctest; sourceTree = BUILT_PRODUCTS_DIR; };
		E43FA73D1B03AE2100E13638 /* Info.plist */ = {isa = PBXFileReference; lastKnownFileType = text.plist.xml; path = Info.plist; sourceTree = "<group>"; };
		E43FA73E1B03AE2100E13638 /* TodayPhotoTests.m */ = {isa = PBXFileReference; lastKnownFileType = sourcecode.c.objc; path = TodayPhotoTests.m; sourceTree = "<group>"; };
		E43FA74D1B03B05D00E13638 /* Bolts.framework */ = {isa = PBXFileReference; lastKnownFileType = wrapper.framework; path = Bolts.framework; sourceTree = "<group>"; };
		E43FA74E1B03B05D00E13638 /* Parse.framework */ = {isa = PBXFileReference; lastKnownFileType = wrapper.framework; path = Parse.framework; sourceTree = "<group>"; };
		E43FA74F1B03B05D00E13638 /* ParseCrashReporting.framework */ = {isa = PBXFileReference; lastKnownFileType = wrapper.framework; path = ParseCrashReporting.framework; sourceTree = "<group>"; };
		E43FA7511B03B05D00E13638 /* ParseFacebookUtilsV4.framework */ = {isa = PBXFileReference; lastKnownFileType = wrapper.framework; path = ParseFacebookUtilsV4.framework; sourceTree = "<group>"; };
		E43FA7521B03B05D00E13638 /* ParseUI.framework */ = {isa = PBXFileReference; lastKnownFileType = wrapper.framework; path = ParseUI.framework; sourceTree = "<group>"; };
		E43FA7591B03B0F900E13638 /* AudioToolbox.framework */ = {isa = PBXFileReference; lastKnownFileType = wrapper.framework; name = AudioToolbox.framework; path = System/Library/Frameworks/AudioToolbox.framework; sourceTree = SDKROOT; };
		E43FA75B1B03B0FF00E13638 /* CFNetwork.framework */ = {isa = PBXFileReference; lastKnownFileType = wrapper.framework; name = CFNetwork.framework; path = System/Library/Frameworks/CFNetwork.framework; sourceTree = SDKROOT; };
		E43FA75D1B03B10700E13638 /* CoreGraphics.framework */ = {isa = PBXFileReference; lastKnownFileType = wrapper.framework; name = CoreGraphics.framework; path = System/Library/Frameworks/CoreGraphics.framework; sourceTree = SDKROOT; };
		E43FA75F1B03B10D00E13638 /* CoreLocation.framework */ = {isa = PBXFileReference; lastKnownFileType = wrapper.framework; name = CoreLocation.framework; path = System/Library/Frameworks/CoreLocation.framework; sourceTree = SDKROOT; };
		E43FA7611B03B11400E13638 /* MobileCoreServices.framework */ = {isa = PBXFileReference; lastKnownFileType = wrapper.framework; name = MobileCoreServices.framework; path = System/Library/Frameworks/MobileCoreServices.framework; sourceTree = SDKROOT; };
		E43FA7631B03B11B00E13638 /* QuartzCore.framework */ = {isa = PBXFileReference; lastKnownFileType = wrapper.framework; name = QuartzCore.framework; path = System/Library/Frameworks/QuartzCore.framework; sourceTree = SDKROOT; };
		E43FA7651B03B12200E13638 /* Security.framework */ = {isa = PBXFileReference; lastKnownFileType = wrapper.framework; name = Security.framework; path = System/Library/Frameworks/Security.framework; sourceTree = SDKROOT; };
		E43FA7671B03B12B00E13638 /* StoreKit.framework */ = {isa = PBXFileReference; lastKnownFileType = wrapper.framework; name = StoreKit.framework; path = System/Library/Frameworks/StoreKit.framework; sourceTree = SDKROOT; };
		E43FA7691B03B13600E13638 /* SystemConfiguration.framework */ = {isa = PBXFileReference; lastKnownFileType = wrapper.framework; name = SystemConfiguration.framework; path = System/Library/Frameworks/SystemConfiguration.framework; sourceTree = SDKROOT; };
		E43FA76B1B03B14600E13638 /* libz.dylib */ = {isa = PBXFileReference; lastKnownFileType = "compiled.mach-o.dylib"; name = libz.dylib; path = usr/lib/libz.dylib; sourceTree = SDKROOT; };
		E43FA76D1B03B14E00E13638 /* libsqlite3.dylib */ = {isa = PBXFileReference; lastKnownFileType = "compiled.mach-o.dylib"; name = libsqlite3.dylib; path = usr/lib/libsqlite3.dylib; sourceTree = SDKROOT; };
		E43FA76F1B03B20400E13638 /* Default-568h@2x.png */ = {isa = PBXFileReference; lastKnownFileType = image.png; path = "Default-568h@2x.png"; sourceTree = "<group>"; };
		E43FA7711B03C25500E13638 /* FBSDKCoreKit.framework */ = {isa = PBXFileReference; lastKnownFileType = wrapper.framework; name = FBSDKCoreKit.framework; path = ../../../FacebookSDK/FBSDKCoreKit.framework; sourceTree = "<group>"; };
		E43FA7721B03C25500E13638 /* FBSDKLoginKit.framework */ = {isa = PBXFileReference; lastKnownFileType = wrapper.framework; name = FBSDKLoginKit.framework; path = ../../../FacebookSDK/FBSDKLoginKit.framework; sourceTree = "<group>"; };
		E43FA7731B03C25500E13638 /* FBSDKShareKit.framework */ = {isa = PBXFileReference; lastKnownFileType = wrapper.framework; name = FBSDKShareKit.framework; path = ../../../FacebookSDK/FBSDKShareKit.framework; sourceTree = "<group>"; };
/* End PBXFileReference section */

/* Begin PBXFrameworksBuildPhase section */
		E43FA71C1B03AE2100E13638 /* Frameworks */ = {
			isa = PBXFrameworksBuildPhase;
			buildActionMask = 2147483647;
			files = (
				E43FA76E1B03B14E00E13638 /* libsqlite3.dylib in Frameworks */,
				E43FA76C1B03B14600E13638 /* libz.dylib in Frameworks */,
				E43FA76A1B03B13600E13638 /* SystemConfiguration.framework in Frameworks */,
				E43FA7681B03B12B00E13638 /* StoreKit.framework in Frameworks */,
				E43FA7661B03B12200E13638 /* Security.framework in Frameworks */,
				E43FA7641B03B11B00E13638 /* QuartzCore.framework in Frameworks */,
				E43FA7621B03B11400E13638 /* MobileCoreServices.framework in Frameworks */,
				E43FA7741B03C25500E13638 /* FBSDKCoreKit.framework in Frameworks */,
				E43FA7601B03B10D00E13638 /* CoreLocation.framework in Frameworks */,
				E43FA75E1B03B10700E13638 /* CoreGraphics.framework in Frameworks */,
				E43FA75C1B03B0FF00E13638 /* CFNetwork.framework in Frameworks */,
				E43FA75A1B03B0F900E13638 /* AudioToolbox.framework in Frameworks */,
				E43FA7761B03C25600E13638 /* FBSDKShareKit.framework in Frameworks */,
				E43FA7581B03B05D00E13638 /* ParseUI.framework in Frameworks */,
				E43FA7751B03C25600E13638 /* FBSDKLoginKit.framework in Frameworks */,
				E43FA7541B03B05D00E13638 /* Parse.framework in Frameworks */,
				E43FA7551B03B05D00E13638 /* ParseCrashReporting.framework in Frameworks */,
				E43FA7531B03B05D00E13638 /* Bolts.framework in Frameworks */,
				E43FA7571B03B05D00E13638 /* ParseFacebookUtilsV4.framework in Frameworks */,
			);
			runOnlyForDeploymentPostprocessing = 0;
		};
		E43FA7351B03AE2100E13638 /* Frameworks */ = {
			isa = PBXFrameworksBuildPhase;
			buildActionMask = 2147483647;
			files = (
			);
			runOnlyForDeploymentPostprocessing = 0;
		};
/* End PBXFrameworksBuildPhase section */

/* Begin PBXGroup section */
		E43FA7161B03AE2100E13638 = {
			isa = PBXGroup;
			children = (
				E43FA76F1B03B20400E13638 /* Default-568h@2x.png */,
				E43FA7211B03AE2100E13638 /* TodayPhoto */,
				E43FA74C1B03B03D00E13638 /* Frameworks */,
				E43FA73B1B03AE2100E13638 /* TodayPhotoTests */,
				E43FA7201B03AE2100E13638 /* Products */,
			);
			sourceTree = "<group>";
		};
		E43FA7201B03AE2100E13638 /* Products */ = {
			isa = PBXGroup;
			children = (
				E43FA71F1B03AE2100E13638 /* TodayPhoto.app */,
				E43FA7381B03AE2100E13638 /* TodayPhotoTests.xctest */,
			);
			name = Products;
			sourceTree = "<group>";
		};
		E43FA7211B03AE2100E13638 /* TodayPhoto */ = {
			isa = PBXGroup;
			children = (
				E43FA7261B03AE2100E13638 /* AppDelegate.h */,
				E43FA7271B03AE2100E13638 /* AppDelegate.m */,
				E43FA7481B03AFB100E13638 /* Models */,
				E43FA7491B03AFBA00E13638 /* Views */,
				E43FA74A1B03AFC400E13638 /* Controllers */,
				E43FA74B1B03B02800E13638 /* Resources */,
				E43FA7221B03AE2100E13638 /* Supporting Files */,
			);
			path = TodayPhoto;
			sourceTree = "<group>";
		};
		E43FA7221B03AE2100E13638 /* Supporting Files */ = {
			isa = PBXGroup;
			children = (
				E43FA72C1B03AE2100E13638 /* Main.storyboard */,
				E43FA7311B03AE2100E13638 /* LaunchScreen.xib */,
				E43FA7231B03AE2100E13638 /* TodayPhoto-Info.plist */,
				E43FA7241B03AE2100E13638 /* main.m */,
			);
			name = "Supporting Files";
			sourceTree = "<group>";
		};
		E43FA73B1B03AE2100E13638 /* TodayPhotoTests */ = {
			isa = PBXGroup;
			children = (
				E43FA73E1B03AE2100E13638 /* TodayPhotoTests.m */,
				E43FA73C1B03AE2100E13638 /* Supporting Files */,
			);
			path = TodayPhotoTests;
			sourceTree = "<group>";
		};
		E43FA73C1B03AE2100E13638 /* Supporting Files */ = {
			isa = PBXGroup;
			children = (
				E43FA73D1B03AE2100E13638 /* Info.plist */,
			);
			name = "Supporting Files";
			sourceTree = "<group>";
		};
		E43FA7481B03AFB100E13638 /* Models */ = {
			isa = PBXGroup;
			children = (
			);
			name = Models;
			sourceTree = "<group>";
		};
		E43FA7491B03AFBA00E13638 /* Views */ = {
			isa = PBXGroup;
			children = (
			);
			name = Views;
			sourceTree = "<group>";
		};
		E43FA74A1B03AFC400E13638 /* Controllers */ = {
			isa = PBXGroup;
			children = (
				E43FA7291B03AE2100E13638 /* TPLoginVC.h */,
				E43FA72A1B03AE2100E13638 /* TPLoginVC.m */,
			);
			name = Controllers;
			sourceTree = "<group>";
		};
		E43FA74B1B03B02800E13638 /* Resources */ = {
			isa = PBXGroup;
			children = (
				E43FA72F1B03AE2100E13638 /* Images.xcassets */,
			);
			name = Resources;
			sourceTree = "<group>";
		};
		E43FA74C1B03B03D00E13638 /* Frameworks */ = {
			isa = PBXGroup;
			children = (
				E43FA7711B03C25500E13638 /* FBSDKCoreKit.framework */,
				E43FA7721B03C25500E13638 /* FBSDKLoginKit.framework */,
				E43FA7731B03C25500E13638 /* FBSDKShareKit.framework */,
				E43FA76D1B03B14E00E13638 /* libsqlite3.dylib */,
				E43FA76B1B03B14600E13638 /* libz.dylib */,
				E43FA7691B03B13600E13638 /* SystemConfiguration.framework */,
				E43FA7671B03B12B00E13638 /* StoreKit.framework */,
				E43FA7651B03B12200E13638 /* Security.framework */,
				E43FA7631B03B11B00E13638 /* QuartzCore.framework */,
				E43FA7611B03B11400E13638 /* MobileCoreServices.framework */,
				E43FA75F1B03B10D00E13638 /* CoreLocation.framework */,
				E43FA75D1B03B10700E13638 /* CoreGraphics.framework */,
				E43FA75B1B03B0FF00E13638 /* CFNetwork.framework */,
				E43FA7591B03B0F900E13638 /* AudioToolbox.framework */,
				E43FA74D1B03B05D00E13638 /* Bolts.framework */,
				E43FA74E1B03B05D00E13638 /* Parse.framework */,
				E43FA74F1B03B05D00E13638 /* ParseCrashReporting.framework */,
				E43FA7511B03B05D00E13638 /* ParseFacebookUtilsV4.framework */,
				E43FA7521B03B05D00E13638 /* ParseUI.framework */,
			);
			name = Frameworks;
			sourceTree = "<group>";
		};
/* End PBXGroup section */

/* Begin PBXNativeTarget section */
		E43FA71E1B03AE2100E13638 /* TodayPhoto */ = {
			isa = PBXNativeTarget;
			buildConfigurationList = E43FA7421B03AE2100E13638 /* Build configuration list for PBXNativeTarget "TodayPhoto" */;
			buildPhases = (
				E43FA71B1B03AE2100E13638 /* Sources */,
				E43FA71C1B03AE2100E13638 /* Frameworks */,
				E43FA71D1B03AE2100E13638 /* Resources */,
			);
			buildRules = (
			);
			dependencies = (
			);
			name = TodayPhoto;
			productName = TodayPhoto;
			productReference = E43FA71F1B03AE2100E13638 /* TodayPhoto.app */;
			productType = "com.apple.product-type.application";
		};
		E43FA7371B03AE2100E13638 /* TodayPhotoTests */ = {
			isa = PBXNativeTarget;
			buildConfigurationList = E43FA7451B03AE2100E13638 /* Build configuration list for PBXNativeTarget "TodayPhotoTests" */;
			buildPhases = (
				E43FA7341B03AE2100E13638 /* Sources */,
				E43FA7351B03AE2100E13638 /* Frameworks */,
				E43FA7361B03AE2100E13638 /* Resources */,
			);
			buildRules = (
			);
			dependencies = (
				E43FA73A1B03AE2100E13638 /* PBXTargetDependency */,
			);
			name = TodayPhotoTests;
			productName = TodayPhotoTests;
			productReference = E43FA7381B03AE2100E13638 /* TodayPhotoTests.xctest */;
			productType = "com.apple.product-type.bundle.unit-test";
		};
/* End PBXNativeTarget section */

/* Begin PBXProject section */
		E43FA7171B03AE2100E13638 /* Project object */ = {
			isa = PBXProject;
			attributes = {
				LastUpgradeCheck = 0630;
				ORGANIZATIONNAME = "Daniel J Goncalves";
				TargetAttributes = {
					E43FA71E1B03AE2100E13638 = {
						CreatedOnToolsVersion = 6.3.1;
					};
					E43FA7371B03AE2100E13638 = {
						CreatedOnToolsVersion = 6.3.1;
						TestTargetID = E43FA71E1B03AE2100E13638;
					};
				};
			};
			buildConfigurationList = E43FA71A1B03AE2100E13638 /* Build configuration list for PBXProject "TodayPhoto" */;
			compatibilityVersion = "Xcode 3.2";
			developmentRegion = English;
			hasScannedForEncodings = 0;
			knownRegions = (
				en,
				Base,
			);
			mainGroup = E43FA7161B03AE2100E13638;
			productRefGroup = E43FA7201B03AE2100E13638 /* Products */;
			projectDirPath = "";
			projectRoot = "";
			targets = (
				E43FA71E1B03AE2100E13638 /* TodayPhoto */,
				E43FA7371B03AE2100E13638 /* TodayPhotoTests */,
			);
		};
/* End PBXProject section */

/* Begin PBXResourcesBuildPhase section */
		E43FA71D1B03AE2100E13638 /* Resources */ = {
			isa = PBXResourcesBuildPhase;
			buildActionMask = 2147483647;
			files = (
				E43FA72E1B03AE2100E13638 /* Main.storyboard in Resources */,
				E43FA7701B03B20400E13638 /* Default-568h@2x.png in Resources */,
				E43FA7331B03AE2100E13638 /* LaunchScreen.xib in Resources */,
				E43FA7301B03AE2100E13638 /* Images.xcassets in Resources */,
			);
			runOnlyForDeploymentPostprocessing = 0;
		};
		E43FA7361B03AE2100E13638 /* Resources */ = {
			isa = PBXResourcesBuildPhase;
			buildActionMask = 2147483647;
			files = (
			);
			runOnlyForDeploymentPostprocessing = 0;
		};
/* End PBXResourcesBuildPhase section */

/* Begin PBXSourcesBuildPhase section */
		E43FA71B1B03AE2100E13638 /* Sources */ = {
			isa = PBXSourcesBuildPhase;
			buildActionMask = 2147483647;
			files = (
				E43FA72B1B03AE2100E13638 /* TPLoginVC.m in Sources */,
				E43FA7281B03AE2100E13638 /* AppDelegate.m in Sources */,
				E43FA7251B03AE2100E13638 /* main.m in Sources */,
			);
			runOnlyForDeploymentPostprocessing = 0;
		};
		E43FA7341B03AE2100E13638 /* Sources */ = {
			isa = PBXSourcesBuildPhase;
			buildActionMask = 2147483647;
			files = (
				E43FA73F1B03AE2100E13638 /* TodayPhotoTests.m in Sources */,
			);
			runOnlyForDeploymentPostprocessing = 0;
		};
/* End PBXSourcesBuildPhase section */

/* Begin PBXTargetDependency section */
		E43FA73A1B03AE2100E13638 /* PBXTargetDependency */ = {
			isa = PBXTargetDependency;
			target = E43FA71E1B03AE2100E13638 /* TodayPhoto */;
			targetProxy = E43FA7391B03AE2100E13638 /* PBXContainerItemProxy */;
		};
/* End PBXTargetDependency section */

/* Begin PBXVariantGroup section */
		E43FA72C1B03AE2100E13638 /* Main.storyboard */ = {
			isa = PBXVariantGroup;
			children = (
				E43FA72D1B03AE2100E13638 /* Base */,
			);
			name = Main.storyboard;
			sourceTree = "<group>";
		};
		E43FA7311B03AE2100E13638 /* LaunchScreen.xib */ = {
			isa = PBXVariantGroup;
			children = (
				E43FA7321B03AE2100E13638 /* Base */,
			);
			name = LaunchScreen.xib;
			sourceTree = "<group>";
		};
/* End PBXVariantGroup section */

/* Begin XCBuildConfiguration section */
		E43FA7401B03AE2100E13638 /* Debug */ = {
			isa = XCBuildConfiguration;
			buildSettings = {
				ALWAYS_SEARCH_USER_PATHS = NO;
				CLANG_CXX_LANGUAGE_STANDARD = "gnu++0x";
				CLANG_CXX_LIBRARY = "libc++";
				CLANG_ENABLE_MODULES = YES;
				CLANG_ENABLE_OBJC_ARC = YES;
				CLANG_WARN_BOOL_CONVERSION = YES;
				CLANG_WARN_CONSTANT_CONVERSION = YES;
				CLANG_WARN_DIRECT_OBJC_ISA_USAGE = YES_ERROR;
				CLANG_WARN_EMPTY_BODY = YES;
				CLANG_WARN_ENUM_CONVERSION = YES;
				CLANG_WARN_INT_CONVERSION = YES;
				CLANG_WARN_OBJC_ROOT_CLASS = YES_ERROR;
				CLANG_WARN_UNREACHABLE_CODE = YES;
				CLANG_WARN__DUPLICATE_METHOD_MATCH = YES;
				"CODE_SIGN_IDENTITY[sdk=iphoneos*]" = "iPhone Developer";
				COPY_PHASE_STRIP = NO;
				DEBUG_INFORMATION_FORMAT = "dwarf-with-dsym";
				ENABLE_STRICT_OBJC_MSGSEND = YES;
				GCC_C_LANGUAGE_STANDARD = gnu99;
				GCC_DYNAMIC_NO_PIC = NO;
				GCC_NO_COMMON_BLOCKS = YES;
				GCC_OPTIMIZATION_LEVEL = 0;
				GCC_PREPROCESSOR_DEFINITIONS = (
					"DEBUG=1",
					"$(inherited)",
				);
				GCC_SYMBOLS_PRIVATE_EXTERN = NO;
				GCC_WARN_64_TO_32_BIT_CONVERSION = YES;
				GCC_WARN_ABOUT_RETURN_TYPE = YES_ERROR;
				GCC_WARN_UNDECLARED_SELECTOR = YES;
				GCC_WARN_UNINITIALIZED_AUTOS = YES_AGGRESSIVE;
				GCC_WARN_UNUSED_FUNCTION = YES;
				GCC_WARN_UNUSED_VARIABLE = YES;
				IPHONEOS_DEPLOYMENT_TARGET = 8.3;
				MTL_ENABLE_DEBUG_INFO = YES;
				ONLY_ACTIVE_ARCH = YES;
				SDKROOT = iphoneos;
			};
			name = Debug;
		};
		E43FA7411B03AE2100E13638 /* Release */ = {
			isa = XCBuildConfiguration;
			buildSettings = {
				ALWAYS_SEARCH_USER_PATHS = NO;
				CLANG_CXX_LANGUAGE_STANDARD = "gnu++0x";
				CLANG_CXX_LIBRARY = "libc++";
				CLANG_ENABLE_MODULES = YES;
				CLANG_ENABLE_OBJC_ARC = YES;
				CLANG_WARN_BOOL_CONVERSION = YES;
				CLANG_WARN_CONSTANT_CONVERSION = YES;
				CLANG_WARN_DIRECT_OBJC_ISA_USAGE = YES_ERROR;
				CLANG_WARN_EMPTY_BODY = YES;
				CLANG_WARN_ENUM_CONVERSION = YES;
				CLANG_WARN_INT_CONVERSION = YES;
				CLANG_WARN_OBJC_ROOT_CLASS = YES_ERROR;
				CLANG_WARN_UNREACHABLE_CODE = YES;
				CLANG_WARN__DUPLICATE_METHOD_MATCH = YES;
				"CODE_SIGN_IDENTITY[sdk=iphoneos*]" = "iPhone Developer";
				COPY_PHASE_STRIP = NO;
				DEBUG_INFORMATION_FORMAT = "dwarf-with-dsym";
				ENABLE_NS_ASSERTIONS = NO;
				ENABLE_STRICT_OBJC_MSGSEND = YES;
				GCC_C_LANGUAGE_STANDARD = gnu99;
				GCC_NO_COMMON_BLOCKS = YES;
				GCC_WARN_64_TO_32_BIT_CONVERSION = YES;
				GCC_WARN_ABOUT_RETURN_TYPE = YES_ERROR;
				GCC_WARN_UNDECLARED_SELECTOR = YES;
				GCC_WARN_UNINITIALIZED_AUTOS = YES_AGGRESSIVE;
				GCC_WARN_UNUSED_FUNCTION = YES;
				GCC_WARN_UNUSED_VARIABLE = YES;
				IPHONEOS_DEPLOYMENT_TARGET = 8.3;
				MTL_ENABLE_DEBUG_INFO = NO;
				SDKROOT = iphoneos;
				VALIDATE_PRODUCT = YES;
			};
			name = Release;
		};
		E43FA7431B03AE2100E13638 /* Debug */ = {
			isa = XCBuildConfiguration;
			buildSettings = {
				ASSETCATALOG_COMPILER_APPICON_NAME = AppIcon;
				FRAMEWORK_SEARCH_PATHS = (
					"$(inherited)",
					"$(PROJECT_DIR)",
					/Users/DanielG/Documents/FacebookSDK,
				);
				INFOPLIST_FILE = "TodayPhoto/TodayPhoto-Info.plist";
				LD_RUNPATH_SEARCH_PATHS = "$(inherited) @executable_path/Frameworks";
				PRODUCT_NAME = "$(TARGET_NAME)";
			};
			name = Debug;
		};
		E43FA7441B03AE2100E13638 /* Release */ = {
			isa = XCBuildConfiguration;
			buildSettings = {
				ASSETCATALOG_COMPILER_APPICON_NAME = AppIcon;
				FRAMEWORK_SEARCH_PATHS = (
					"$(inherited)",
					"$(PROJECT_DIR)",
					/Users/DanielG/Documents/FacebookSDK,
				);
				INFOPLIST_FILE = "TodayPhoto/TodayPhoto-Info.plist";
				LD_RUNPATH_SEARCH_PATHS = "$(inherited) @executable_path/Frameworks";
				PRODUCT_NAME = "$(TARGET_NAME)";
			};
			name = Release;
		};
		E43FA7461B03AE2100E13638 /* Debug */ = {
			isa = XCBuildConfiguration;
			buildSettings = {
				BUNDLE_LOADER = "$(TEST_HOST)";
				FRAMEWORK_SEARCH_PATHS = (
					"$(SDKROOT)/Developer/Library/Frameworks",
					"$(inherited)",
				);
				GCC_PREPROCESSOR_DEFINITIONS = (
					"DEBUG=1",
					"$(inherited)",
				);
				INFOPLIST_FILE = TodayPhotoTests/Info.plist;
				LD_RUNPATH_SEARCH_PATHS = "$(inherited) @executable_path/Frameworks @loader_path/Frameworks";
				PRODUCT_NAME = "$(TARGET_NAME)";
				TEST_HOST = "$(BUILT_PRODUCTS_DIR)/TodayPhoto.app/TodayPhoto";
			};
			name = Debug;
		};
		E43FA7471B03AE2100E13638 /* Release */ = {
			isa = XCBuildConfiguration;
			buildSettings = {
				BUNDLE_LOADER = "$(TEST_HOST)";
				FRAMEWORK_SEARCH_PATHS = (
					"$(SDKROOT)/Developer/Library/Frameworks",
					"$(inherited)",
				);
				INFOPLIST_FILE = TodayPhotoTests/Info.plist;
				LD_RUNPATH_SEARCH_PATHS = "$(inherited) @executable_path/Frameworks @loader_path/Frameworks";
				PRODUCT_NAME = "$(TARGET_NAME)";
				TEST_HOST = "$(BUILT_PRODUCTS_DIR)/TodayPhoto.app/TodayPhoto";
			};
			name = Release;
		};
/* End XCBuildConfiguration section */

/* Begin XCConfigurationList section */
		E43FA71A1B03AE2100E13638 /* Build configuration list for PBXProject "TodayPhoto" */ = {
			isa = XCConfigurationList;
			buildConfigurations = (
				E43FA7401B03AE2100E13638 /* Debug */,
				E43FA7411B03AE2100E13638 /* Release */,
			);
			defaultConfigurationIsVisible = 0;
			defaultConfigurationName = Release;
		};
		E43FA7421B03AE2100E13638 /* Build configuration list for PBXNativeTarget "TodayPhoto" */ = {
			isa = XCConfigurationList;
			buildConfigurations = (
				E43FA7431B03AE2100E13638 /* Debug */,
				E43FA7441B03AE2100E13638 /* Release */,
			);
			defaultConfigurationIsVisible = 0;
			defaultConfigurationName = Release;
		};
		E43FA7451B03AE2100E13638 /* Build configuration list for PBXNativeTarget "TodayPhotoTests" */ = {
			isa = XCConfigurationList;
			buildConfigurations = (
				E43FA7461B03AE2100E13638 /* Debug */,
				E43FA7471B03AE2100E13638 /* Release */,
			);
			defaultConfigurationIsVisible = 0;
			defaultConfigurationName = Release;
		};
/* End XCConfigurationList section */
	};
	rootObject = E43FA7171B03AE2100E13638 /* Project object */;
}
